// !$*UTF8*$!
{
	archiveVersion = 1;
	classes = {
	};
	objectVersion = 46;
	objects = {

/* Begin PBXBuildFile section */
		93CA02931C1C6BF90016C09A /* AppDelegate.swift in Sources */ = {isa = PBXBuildFile; fileRef = 93CA02921C1C6BF90016C09A /* AppDelegate.swift */; };
		93CA02951C1C6BF90016C09A /* ViewController.swift in Sources */ = {isa = PBXBuildFile; fileRef = 93CA02941C1C6BF90016C09A /* ViewController.swift */; };
		93CA02981C1C6BF90016C09A /* Main.storyboard in Resources */ = {isa = PBXBuildFile; fileRef = 93CA02961C1C6BF90016C09A /* Main.storyboard */; };
		93CA029A1C1C6BF90016C09A /* Assets.xcassets in Resources */ = {isa = PBXBuildFile; fileRef = 93CA02991C1C6BF90016C09A /* Assets.xcassets */; };
		93CA029D1C1C6BF90016C09A /* LaunchScreen.storyboard in Resources */ = {isa = PBXBuildFile; fileRef = 93CA029B1C1C6BF90016C09A /* LaunchScreen.storyboard */; };
		93CA02A51C1C6D8A0016C09A /* WBTableViewController.swift in Sources */ = {isa = PBXBuildFile; fileRef = 93CA02A41C1C6D8A0016C09A /* WBTableViewController.swift */; };
		93CA02A91C1C7FDB0016C09A /* WBLogonViewController.swift in Sources */ = {isa = PBXBuildFile; fileRef = 93CA02A81C1C7FDB0016C09A /* WBLogonViewController.swift */; };
/* End PBXBuildFile section */

/* Begin PBXFileReference section */
		93CA028F1C1C6BF80016C09A /* AnimateHub.app */ = {isa = PBXFileReference; explicitFileType = wrapper.application; includeInIndex = 0; path = AnimateHub.app; sourceTree = BUILT_PRODUCTS_DIR; };
		93CA02921C1C6BF90016C09A /* AppDelegate.swift */ = {isa = PBXFileReference; lastKnownFileType = sourcecode.swift; path = AppDelegate.swift; sourceTree = "<group>"; };
		93CA02941C1C6BF90016C09A /* ViewController.swift */ = {isa = PBXFileReference; lastKnownFileType = sourcecode.swift; path = ViewController.swift; sourceTree = "<group>"; };
		93CA02971C1C6BF90016C09A /* Base */ = {isa = PBXFileReference; lastKnownFileType = file.storyboard; name = Base; path = Base.lproj/Main.storyboard; sourceTree = "<group>"; };
		93CA02991C1C6BF90016C09A /* Assets.xcassets */ = {isa = PBXFileReference; lastKnownFileType = folder.assetcatalog; path = Assets.xcassets; sourceTree = "<group>"; };
		93CA029C1C1C6BF90016C09A /* Base */ = {isa = PBXFileReference; lastKnownFileType = file.storyboard; name = Base; path = Base.lproj/LaunchScreen.storyboard; sourceTree = "<group>"; };
		93CA029E1C1C6BF90016C09A /* Info.plist */ = {isa = PBXFileReference; lastKnownFileType = text.plist.xml; path = Info.plist; sourceTree = "<group>"; };
		93CA02A41C1C6D8A0016C09A /* WBTableViewController.swift */ = {isa = PBXFileReference; fileEncoding = 4; lastKnownFileType = sourcecode.swift; path = WBTableViewController.swift; sourceTree = "<group>"; };
		93CA02A61C1C7B440016C09A /* Reveal.framework */ = {isa = PBXFileReference; lastKnownFileType = wrapper.framework; name = Reveal.framework; path = "../../../../../Applications/Reveal.app/Contents/SharedSupport/iOS-Libraries/Reveal.framework"; sourceTree = "<group>"; };
		93CA02A81C1C7FDB0016C09A /* WBLogonViewController.swift */ = {isa = PBXFileReference; fileEncoding = 4; lastKnownFileType = sourcecode.swift; path = WBLogonViewController.swift; sourceTree = "<group>"; };
/* End PBXFileReference section */

/* Begin PBXGroup section */
		93CA02861C1C6BF80016C09A = {
			isa = PBXGroup;
			children = (
				93CA02911C1C6BF80016C09A /* AnimateHub */,
				93CA02901C1C6BF80016C09A /* Products */,
				93CA02A61C1C7B440016C09A /* Reveal.framework */,
			);
			sourceTree = "<group>";
		};
		93CA02901C1C6BF80016C09A /* Products */ = {
			isa = PBXGroup;
			children = (
				93CA028F1C1C6BF80016C09A /* AnimateHub.app */,
			);
			name = Products;
			sourceTree = "<group>";
		};
		93CA02911C1C6BF80016C09A /* AnimateHub */ = {
			isa = PBXGroup;
			children = (
				93CA02921C1C6BF90016C09A /* AppDelegate.swift */,
				93CA02941C1C6BF90016C09A /* ViewController.swift */,
				93CA02961C1C6BF90016C09A /* Main.storyboard */,
				93CA02991C1C6BF90016C09A /* Assets.xcassets */,
				93CA029B1C1C6BF90016C09A /* LaunchScreen.storyboard */,
				93CA029E1C1C6BF90016C09A /* Info.plist */,
				93CA02A41C1C6D8A0016C09A /* WBTableViewController.swift */,
				93CA02A81C1C7FDB0016C09A /* WBLogonViewController.swift */,
			);
			path = AnimateHub;
			sourceTree = "<group>";
		};
/* End PBXGroup section */

/* Begin PBXNativeTarget section */
		93CA028E1C1C6BF80016C09A /* AnimateHub */ = {
			isa = PBXNativeTarget;
			buildConfigurationList = 93CA02A11C1C6BF90016C09A /* Build configuration list for PBXNativeTarget "AnimateHub" */;
			buildPhases = (
				93CA028B1C1C6BF80016C09A /* Sources */,
				93CA028D1C1C6BF80016C09A /* Resources */,
			);
			buildRules = (
			);
			dependencies = (
			);
			name = AnimateHub;
			productName = AnimateHub;
			productReference = 93CA028F1C1C6BF80016C09A /* AnimateHub.app */;
			productType = "com.apple.product-type.application";
		};
/* End PBXNativeTarget section */

/* Begin PBXProject section */
		93CA02871C1C6BF80016C09A /* Project object */ = {
			isa = PBXProject;
			attributes = {
				CLASSPREFIX = WB;
				LastSwiftUpdateCheck = 0720;
				LastUpgradeCheck = 0720;
				ORGANIZATIONNAME = "wanbao118@hotmail.com";
				TargetAttributes = {
					93CA028E1C1C6BF80016C09A = {
						CreatedOnToolsVersion = 7.2;
						DevelopmentTeam = U46ZV9248J;
					};
				};
			};
			buildConfigurationList = 93CA028A1C1C6BF80016C09A /* Build configuration list for PBXProject "AnimateHub" */;
			compatibilityVersion = "Xcode 3.2";
			developmentRegion = English;
			hasScannedForEncodings = 0;
			knownRegions = (
				en,
				Base,
			);
			mainGroup = 93CA02861C1C6BF80016C09A;
			productRefGroup = 93CA02901C1C6BF80016C09A /* Products */;
			projectDirPath = "";
			projectRoot = "";
			targets = (
				93CA028E1C1C6BF80016C09A /* AnimateHub */,
			);
		};
/* End PBXProject section */

/* Begin PBXResourcesBuildPhase section */
		93CA028D1C1C6BF80016C09A /* Resources */ = {
			isa = PBXResourcesBuildPhase;
			buildActionMask = 2147483647;
			files = (
				93CA029D1C1C6BF90016C09A /* LaunchScreen.storyboard in Resources */,
				93CA029A1C1C6BF90016C09A /* Assets.xcassets in Resources */,
				93CA02981C1C6BF90016C09A /* Main.storyboard in Resources */,
			);
			runOnlyForDeploymentPostprocessing = 0;
		};
/* End PBXResourcesBuildPhase section */

/* Begin PBXSourcesBuildPhase section */
		93CA028B1C1C6BF80016C09A /* Sources */ = {
			isa = PBXSourcesBuildPhase;
			buildActionMask = 2147483647;
			files = (
				93CA02951C1C6BF90016C09A /* ViewController.swift in Sources */,
				93CA02A91C1C7FDB0016C09A /* WBLogonViewController.swift in Sources */,
				93CA02A51C1C6D8A0016C09A /* WBTableViewController.swift in Sources */,
				93CA02931C1C6BF90016C09A /* AppDelegate.swift in Sources */,
			);
			runOnlyForDeploymentPostprocessing = 0;
		};
/* End PBXSourcesBuildPhase section */

/* Begin PBXVariantGroup section */
		93CA02961C1C6BF90016C09A /* Main.storyboard */ = {
			isa = PBXVariantGroup;
			children = (
				93CA02971C1C6BF90016C09A /* Base */,
			);
			name = Main.storyboard;
			sourceTree = "<group>";
		};
		93CA029B1C1C6BF90016C09A /* LaunchScreen.storyboard */ = {
			isa = PBXVariantGroup;
			children = (
				93CA029C1C1C6BF90016C09A /* Base */,
			);
			name = LaunchScreen.storyboard;
			sourceTree = "<group>";
		};
/* End PBXVariantGroup section */

/* Begin XCBuildConfiguration section */
		93CA029F1C1C6BF90016C09A /* Debug */ = {
			isa = XCBuildConfiguration;
			buildSettings = {
				ALWAYS_SEARCH_USER_PATHS = NO;
				CLANG_CXX_LANGUAGE_STANDARD = "gnu++0x";
				CLANG_CXX_LIBRARY = "libc++";
				CLANG_ENABLE_MODULES = YES;
				CLANG_ENABLE_OBJC_ARC = YES;
				CLANG_WARN_BOOL_CONVERSION = YES;
				CLANG_WARN_CONSTANT_CONVERSION = YES;
				CLANG_WARN_DIRECT_OBJC_ISA_USAGE = YES_ERROR;
				CLANG_WARN_EMPTY_BODY = YES;
				CLANG_WARN_ENUM_CONVERSION = YES;
				CLANG_WARN_INT_CONVERSION = YES;
				CLANG_WARN_OBJC_ROOT_CLASS = YES_ERROR;
				CLANG_WARN_UNREACHABLE_CODE = YES;
				CLANG_WARN__DUPLICATE_METHOD_MATCH = YES;
				"CODE_SIGN_IDENTITY[sdk=iphoneos*]" = "iPhone Developer";
				COPY_PHASE_STRIP = NO;
				DEBUG_INFORMATION_FORMAT = dwarf;
				ENABLE_STRICT_OBJC_MSGSEND = YES;
				ENABLE_TESTABILITY = YES;
				GCC_C_LANGUAGE_STANDARD = gnu99;
				GCC_DYNAMIC_NO_PIC = NO;
				GCC_NO_COMMON_BLOCKS = YES;
				GCC_OPTIMIZATION_LEVEL = 0;
				GCC_PREPROCESSOR_DEFINITIONS = (
					"DEBUG=1",
					"$(inherited)",
				);
				GCC_WARN_64_TO_32_BIT_CONVERSION = YES;
				GCC_WARN_ABOUT_RETURN_TYPE = YES_ERROR;
				GCC_WARN_UNDECLARED_SELECTOR = YES;
				GCC_WARN_UNINITIALIZED_AUTOS = YES_AGGRESSIVE;
				GCC_WARN_UNUSED_FUNCTION = YES;
				GCC_WARN_UNUSED_VARIABLE = YES;
				IPHONEOS_DEPLOYMENT_TARGET = 9.2;
				MTL_ENABLE_DEBUG_INFO = YES;
				ONLY_ACTIVE_ARCH = YES;
				SDKROOT = iphoneos;
				SWIFT_OPTIMIZATION_LEVEL = "-Onone";
			};
			name = Debug;
		};
		93CA02A01C1C6BF90016C09A /* Release */ = {
			isa = XCBuildConfiguration;
			buildSettings = {
				ALWAYS_SEARCH_USER_PATHS = NO;
				CLANG_CXX_LANGUAGE_STANDARD = "gnu++0x";
				CLANG_CXX_LIBRARY = "libc++";
				CLANG_ENABLE_MODULES = YES;
				CLANG_ENABLE_OBJC_ARC = YES;
				CLANG_WARN_BOOL_CONVERSION = YES;
				CLANG_WARN_CONSTANT_CONVERSION = YES;
				CLANG_WARN_DIRECT_OBJC_ISA_USAGE = YES_ERROR;
				CLANG_WARN_EMPTY_BODY = YES;
				CLANG_WARN_ENUM_CONVERSION = YES;
				CLANG_WARN_INT_CONVERSION = YES;
				CLANG_WARN_OBJC_ROOT_CLASS = YES_ERROR;
				CLANG_WARN_UNREACHABLE_CODE = YES;
				CLANG_WARN__DUPLICATE_METHOD_MATCH = YES;
				"CODE_SIGN_IDENTITY[sdk=iphoneos*]" = "iPhone Developer";
				COPY_PHASE_STRIP = NO;
				DEBUG_INFORMATION_FORMAT = "dwarf-with-dsym";
				ENABLE_NS_ASSERTIONS = NO;
				ENABLE_STRICT_OBJC_MSGSEND = YES;
				GCC_C_LANGUAGE_STANDARD = gnu99;
				GCC_NO_COMMON_BLOCKS = YES;
				GCC_WARN_64_TO_32_BIT_CONVERSION = YES;
				GCC_WARN_ABOUT_RETURN_TYPE = YES_ERROR;
				GCC_WARN_UNDECLARED_SELECTOR = YES;
				GCC_WARN_UNINITIALIZED_AUTOS = YES_AGGRESSIVE;
				GCC_WARN_UNUSED_FUNCTION = YES;
				GCC_WARN_UNUSED_VARIABLE = YES;
				IPHONEOS_DEPLOYMENT_TARGET = 9.2;
				MTL_ENABLE_DEBUG_INFO = NO;
				SDKROOT = iphoneos;
				VALIDATE_PRODUCT = YES;
			};
			name = Release;
		};
		93CA02A21C1C6BF90016C09A /* Debug */ = {
			isa = XCBuildConfiguration;
			buildSettings = {
				ASSETCATALOG_COMPILER_APPICON_NAME = AppIcon;
				FRAMEWORK_SEARCH_PATHS = (
					FRAMEWORK_SEARCH_PATHS,
					"=",
					"$(inherited)",
					"\"$(SYSTEM_APPS_DIR)/Reveal.app/Contents/SharedSupport/iOS-Libraries\"",
				);
				INFOPLIST_FILE = AnimateHub/Info.plist;
				LD_RUNPATH_SEARCH_PATHS = "$(inherited) @executable_path/Frameworks";
				OTHER_LDFLAGS = (
					"-ObjC",
					"-lz",
					"-framework",
					Reveal,
				);
				PRODUCT_BUNDLE_IDENTIFIER = com.wanbao118.AnimateHub;
				PRODUCT_NAME = "$(TARGET_NAME)";
			};
			name = Debug;
		};
		93CA02A31C1C6BF90016C09A /* Release */ = {
			isa = XCBuildConfiguration;
			buildSettings = {
				ASSETCATALOG_COMPILER_APPICON_NAME = AppIcon;
				FRAMEWORK_SEARCH_PATHS = (
					FRAMEWORK_SEARCH_PATHS,
					"=",
					"$(inherited)",
					"\"$(SYSTEM_APPS_DIR)/Reveal.app/Contents/SharedSupport/iOS-Libraries\"",
				);
				INFOPLIST_FILE = AnimateHub/Info.plist;
				LD_RUNPATH_SEARCH_PATHS = "$(inherited) @executable_path/Frameworks";
				OTHER_LDFLAGS = (
					"-ObjC",
					"-lz",
					"-framework",
					Reveal,
				);
				PRODUCT_BUNDLE_IDENTIFIER = com.wanbao118.AnimateHub;
				PRODUCT_NAME = "$(TARGET_NAME)";
			};
			name = Release;
		};
/* End XCBuildConfiguration section */

/* Begin XCConfigurationList section */
		93CA028A1C1C6BF80016C09A /* Build configuration list for PBXProject "AnimateHub" */ = {
			isa = XCConfigurationList;
			buildConfigurations = (
				93CA029F1C1C6BF90016C09A /* Debug */,
				93CA02A01C1C6BF90016C09A /* Release */,
			);
			defaultConfigurationIsVisible = 0;
			defaultConfigurationName = Release;
		};
		93CA02A11C1C6BF90016C09A /* Build configuration list for PBXNativeTarget "AnimateHub" */ = {
			isa = XCConfigurationList;
			buildConfigurations = (
				93CA02A21C1C6BF90016C09A /* Debug */,
				93CA02A31C1C6BF90016C09A /* Release */,
			);
			defaultConfigurationIsVisible = 0;
		};
/* End XCConfigurationList section */
	};
	rootObject = 93CA02871C1C6BF80016C09A /* Project object */;
}
